// !$*UTF8*$!
{
	archiveVersion = 1;
	classes = {
	};
	objectVersion = 46;
	objects = {

/* Begin PBXBuildFile section */
		1B1D1A611EC3094100C8898D /* main.m in Sources */ = {isa = PBXBuildFile; fileRef = 1B1D1A601EC3094100C8898D /* main.m */; };
		1B1D1A641EC3094100C8898D /* AppDelegate.m in Sources */ = {isa = PBXBuildFile; fileRef = 1B1D1A631EC3094100C8898D /* AppDelegate.m */; };
		1B1D1A671EC3094100C8898D /* ViewController.m in Sources */ = {isa = PBXBuildFile; fileRef = 1B1D1A661EC3094100C8898D /* ViewController.m */; };
		1B1D1A6A1EC3094100C8898D /* Main.storyboard in Resources */ = {isa = PBXBuildFile; fileRef = 1B1D1A681EC3094100C8898D /* Main.storyboard */; };
		1B1D1A6C1EC3094100C8898D /* Assets.xcassets in Resources */ = {isa = PBXBuildFile; fileRef = 1B1D1A6B1EC3094100C8898D /* Assets.xcassets */; };
		1B1D1A6F1EC3094100C8898D /* LaunchScreen.storyboard in Resources */ = {isa = PBXBuildFile; fileRef = 1B1D1A6D1EC3094100C8898D /* LaunchScreen.storyboard */; };
		1B1D1A781EC30A7100C8898D /* UIControl+Interceptor.m in Sources */ = {isa = PBXBuildFile; fileRef = 1B1D1A771EC30A7100C8898D /* UIControl+Interceptor.m */; };
		1B1D1A7B1EC314C000C8898D /* ZAShareUserInfoModel.m in Sources */ = {isa = PBXBuildFile; fileRef = 1B1D1A7A1EC314C000C8898D /* ZAShareUserInfoModel.m */; };
/* End PBXBuildFile section */

/* Begin PBXFileReference section */
		1B1D1A5C1EC3094100C8898D /* ControlInterceptor.app */ = {isa = PBXFileReference; explicitFileType = wrapper.application; includeInIndex = 0; path = ControlInterceptor.app; sourceTree = BUILT_PRODUCTS_DIR; };
		1B1D1A601EC3094100C8898D /* main.m */ = {isa = PBXFileReference; lastKnownFileType = sourcecode.c.objc; path = main.m; sourceTree = "<group>"; };
		1B1D1A621EC3094100C8898D /* AppDelegate.h */ = {isa = PBXFileReference; lastKnownFileType = sourcecode.c.h; path = AppDelegate.h; sourceTree = "<group>"; };
		1B1D1A631EC3094100C8898D /* AppDelegate.m */ = {isa = PBXFileReference; lastKnownFileType = sourcecode.c.objc; path = AppDelegate.m; sourceTree = "<group>"; };
		1B1D1A651EC3094100C8898D /* ViewController.h */ = {isa = PBXFileReference; lastKnownFileType = sourcecode.c.h; path = ViewController.h; sourceTree = "<group>"; };
		1B1D1A661EC3094100C8898D /* ViewController.m */ = {isa = PBXFileReference; lastKnownFileType = sourcecode.c.objc; path = ViewController.m; sourceTree = "<group>"; };
		1B1D1A691EC3094100C8898D /* Base */ = {isa = PBXFileReference; lastKnownFileType = file.storyboard; name = Base; path = Base.lproj/Main.storyboard; sourceTree = "<group>"; };
		1B1D1A6B1EC3094100C8898D /* Assets.xcassets */ = {isa = PBXFileReference; lastKnownFileType = folder.assetcatalog; path = Assets.xcassets; sourceTree = "<group>"; };
		1B1D1A6E1EC3094100C8898D /* Base */ = {isa = PBXFileReference; lastKnownFileType = file.storyboard; name = Base; path = Base.lproj/LaunchScreen.storyboard; sourceTree = "<group>"; };
		1B1D1A701EC3094100C8898D /* Info.plist */ = {isa = PBXFileReference; lastKnownFileType = text.plist.xml; path = Info.plist; sourceTree = "<group>"; };
		1B1D1A761EC30A7100C8898D /* UIControl+Interceptor.h */ = {isa = PBXFileReference; fileEncoding = 4; lastKnownFileType = sourcecode.c.h; path = "UIControl+Interceptor.h"; sourceTree = "<group>"; };
		1B1D1A771EC30A7100C8898D /* UIControl+Interceptor.m */ = {isa = PBXFileReference; fileEncoding = 4; lastKnownFileType = sourcecode.c.objc; path = "UIControl+Interceptor.m"; sourceTree = "<group>"; };
		1B1D1A791EC314C000C8898D /* ZAShareUserInfoModel.h */ = {isa = PBXFileReference; fileEncoding = 4; lastKnownFileType = sourcecode.c.h; path = ZAShareUserInfoModel.h; sourceTree = "<group>"; };
		1B1D1A7A1EC314C000C8898D /* ZAShareUserInfoModel.m */ = {isa = PBXFileReference; fileEncoding = 4; lastKnownFileType = sourcecode.c.objc; path = ZAShareUserInfoModel.m; sourceTree = "<group>"; };
/* End PBXFileReference section */

/* Begin PBXFrameworksBuildPhase section */
		1B1D1A591EC3094100C8898D /* Frameworks */ = {
			isa = PBXFrameworksBuildPhase;
			buildActionMask = 2147483647;
			files = (
			);
			runOnlyForDeploymentPostprocessing = 0;
		};
/* End PBXFrameworksBuildPhase section */

/* Begin PBXGroup section */
		1B1D1A531EC3094100C8898D = {
			isa = PBXGroup;
			children = (
				1B1D1A5E1EC3094100C8898D /* ControlInterceptor */,
				1B1D1A5D1EC3094100C8898D /* Products */,
			);
			sourceTree = "<group>";
		};
		1B1D1A5D1EC3094100C8898D /* Products */ = {
			isa = PBXGroup;
			children = (
				1B1D1A5C1EC3094100C8898D /* ControlInterceptor.app */,
			);
			name = Products;
			sourceTree = "<group>";
		};
		1B1D1A5E1EC3094100C8898D /* ControlInterceptor */ = {
			isa = PBXGroup;
			children = (
				1B1D1A621EC3094100C8898D /* AppDelegate.h */,
				1B1D1A631EC3094100C8898D /* AppDelegate.m */,
				1B1D1A651EC3094100C8898D /* ViewController.h */,
				1B1D1A661EC3094100C8898D /* ViewController.m */,
				1B1D1A761EC30A7100C8898D /* UIControl+Interceptor.h */,
				1B1D1A771EC30A7100C8898D /* UIControl+Interceptor.m */,
				1B1D1A791EC314C000C8898D /* ZAShareUserInfoModel.h */,
				1B1D1A7A1EC314C000C8898D /* ZAShareUserInfoModel.m */,
				1B1D1A681EC3094100C8898D /* Main.storyboard */,
				1B1D1A6B1EC3094100C8898D /* Assets.xcassets */,
				1B1D1A6D1EC3094100C8898D /* LaunchScreen.storyboard */,
				1B1D1A701EC3094100C8898D /* Info.plist */,
				1B1D1A5F1EC3094100C8898D /* Supporting Files */,
			);
			path = ControlInterceptor;
			sourceTree = "<group>";
		};
		1B1D1A5F1EC3094100C8898D /* Supporting Files */ = {
			isa = PBXGroup;
			children = (
				1B1D1A601EC3094100C8898D /* main.m */,
			);
			name = "Supporting Files";
			sourceTree = "<group>";
		};
/* End PBXGroup section */

/* Begin PBXNativeTarget section */
		1B1D1A5B1EC3094100C8898D /* ControlInterceptor */ = {
			isa = PBXNativeTarget;
			buildConfigurationList = 1B1D1A731EC3094100C8898D /* Build configuration list for PBXNativeTarget "ControlInterceptor" */;
			buildPhases = (
				1B1D1A581EC3094100C8898D /* Sources */,
				1B1D1A591EC3094100C8898D /* Frameworks */,
				1B1D1A5A1EC3094100C8898D /* Resources */,
			);
			buildRules = (
			);
			dependencies = (
			);
			name = ControlInterceptor;
			productName = ControlInterceptor;
			productReference = 1B1D1A5C1EC3094100C8898D /* ControlInterceptor.app */;
			productType = "com.apple.product-type.application";
		};
/* End PBXNativeTarget section */

/* Begin PBXProject section */
		1B1D1A541EC3094100C8898D /* Project object */ = {
			isa = PBXProject;
			attributes = {
				LastUpgradeCheck = 0830;
				ORGANIZATIONNAME = "刘志伟";
				TargetAttributes = {
					1B1D1A5B1EC3094100C8898D = {
						CreatedOnToolsVersion = 8.3.2;
						DevelopmentTeam = YPU2H7D8DN;
						ProvisioningStyle = Automatic;
					};
				};
			};
			buildConfigurationList = 1B1D1A571EC3094100C8898D /* Build configuration list for PBXProject "ControlInterceptor" */;
			compatibilityVersion = "Xcode 3.2";
			developmentRegion = English;
			hasScannedForEncodings = 0;
			knownRegions = (
				en,
				Base,
			);
			mainGroup = 1B1D1A531EC3094100C8898D;
			productRefGroup = 1B1D1A5D1EC3094100C8898D /* Products */;
			projectDirPath = "";
			projectRoot = "";
			targets = (
				1B1D1A5B1EC3094100C8898D /* ControlInterceptor */,
			);
		};
/* End PBXProject section */

/* Begin PBXResourcesBuildPhase section */
		1B1D1A5A1EC3094100C8898D /* Resources */ = {
			isa = PBXResourcesBuildPhase;
			buildActionMask = 2147483647;
			files = (
				1B1D1A6F1EC3094100C8898D /* LaunchScreen.storyboard in Resources */,
				1B1D1A6C1EC3094100C8898D /* Assets.xcassets in Resources */,
				1B1D1A6A1EC3094100C8898D /* Main.storyboard in Resources */,
			);
			runOnlyForDeploymentPostprocessing = 0;
		};
/* End PBXResourcesBuildPhase section */

/* Begin PBXSourcesBuildPhase section */
		1B1D1A581EC3094100C8898D /* Sources */ = {
			isa = PBXSourcesBuildPhase;
			buildActionMask = 2147483647;
			files = (
				1B1D1A671EC3094100C8898D /* ViewController.m in Sources */,
				1B1D1A7B1EC314C000C8898D /* ZAShareUserInfoModel.m in Sources */,
				1B1D1A641EC3094100C8898D /* AppDelegate.m in Sources */,
				1B1D1A611EC3094100C8898D /* main.m in Sources */,
				1B1D1A781EC30A7100C8898D /* UIControl+Interceptor.m in Sources */,
			);
			runOnlyForDeploymentPostprocessing = 0;
		};
/* End PBXSourcesBuildPhase section */

/* Begin PBXVariantGroup section */
		1B1D1A681EC3094100C8898D /* Main.storyboard */ = {
			isa = PBXVariantGroup;
			children = (
				1B1D1A691EC3094100C8898D /* Base */,
			);
			name = Main.storyboard;
			sourceTree = "<group>";
		};
		1B1D1A6D1EC3094100C8898D /* LaunchScreen.storyboard */ = {
			isa = PBXVariantGroup;
			children = (
				1B1D1A6E1EC3094100C8898D /* Base */,
			);
			name = LaunchScreen.storyboard;
			sourceTree = "<group>";
		};
/* End PBXVariantGroup section */

/* Begin XCBuildConfiguration section */
		1B1D1A711EC3094100C8898D /* Debug */ = {
			isa = XCBuildConfiguration;
			buildSettings = {
				ALWAYS_SEARCH_USER_PATHS = NO;
				CLANG_ANALYZER_NONNULL = YES;
				CLANG_ANALYZER_NUMBER_OBJECT_CONVERSION = YES_AGGRESSIVE;
				CLANG_CXX_LANGUAGE_STANDARD = "gnu++0x";
				CLANG_CXX_LIBRARY = "libc++";
				CLANG_ENABLE_MODULES = YES;
				CLANG_ENABLE_OBJC_ARC = YES;
				CLANG_WARN_BOOL_CONVERSION = YES;
				CLANG_WARN_CONSTANT_CONVERSION = YES;
				CLANG_WARN_DIRECT_OBJC_ISA_USAGE = YES_ERROR;
				CLANG_WARN_DOCUMENTATION_COMMENTS = YES;
				CLANG_WARN_EMPTY_BODY = YES;
				CLANG_WARN_ENUM_CONVERSION = YES;
				CLANG_WARN_INFINITE_RECURSION = YES;
				CLANG_WARN_INT_CONVERSION = YES;
				CLANG_WARN_OBJC_ROOT_CLASS = YES_ERROR;
				CLANG_WARN_SUSPICIOUS_MOVE = YES;
				CLANG_WARN_UNREACHABLE_CODE = YES;
				CLANG_WARN__DUPLICATE_METHOD_MATCH = YES;
				"CODE_SIGN_IDENTITY[sdk=iphoneos*]" = "iPhone Developer";
				COPY_PHASE_STRIP = NO;
				DEBUG_INFORMATION_FORMAT = dwarf;
				ENABLE_STRICT_OBJC_MSGSEND = YES;
				ENABLE_TESTABILITY = YES;
				GCC_C_LANGUAGE_STANDARD = gnu99;
				GCC_DYNAMIC_NO_PIC = NO;
				GCC_NO_COMMON_BLOCKS = YES;
				GCC_OPTIMIZATION_LEVEL = 0;
				GCC_PREPROCESSOR_DEFINITIONS = (
					"DEBUG=1",
					"$(inherited)",
				);
				GCC_WARN_64_TO_32_BIT_CONVERSION = YES;
				GCC_WARN_ABOUT_RETURN_TYPE = YES_ERROR;
				GCC_WARN_UNDECLARED_SELECTOR = YES;
				GCC_WARN_UNINITIALIZED_AUTOS = YES_AGGRESSIVE;
				GCC_WARN_UNUSED_FUNCTION = YES;
				GCC_WARN_UNUSED_VARIABLE = YES;
				IPHONEOS_DEPLOYMENT_TARGET = 10.3;
				MTL_ENABLE_DEBUG_INFO = YES;
				ONLY_ACTIVE_ARCH = YES;
				SDKROOT = iphoneos;
				TARGETED_DEVICE_FAMILY = "1,2";
			};
			name = Debug;
		};
		1B1D1A721EC3094100C8898D /* Release */ = {
			isa = XCBuildConfiguration;
			buildSettings = {
				ALWAYS_SEARCH_USER_PATHS = NO;
				CLANG_ANALYZER_NONNULL = YES;
				CLANG_ANALYZER_NUMBER_OBJECT_CONVERSION = YES_AGGRESSIVE;
				CLANG_CXX_LANGUAGE_STANDARD = "gnu++0x";
				CLANG_CXX_LIBRARY = "libc++";
				CLANG_ENABLE_MODULES = YES;
				CLANG_ENABLE_OBJC_ARC = YES;
				CLANG_WARN_BOOL_CONVERSION = YES;
				CLANG_WARN_CONSTANT_CONVERSION = YES;
				CLANG_WARN_DIRECT_OBJC_ISA_USAGE = YES_ERROR;
				CLANG_WARN_DOCUMENTATION_COMMENTS = YES;
				CLANG_WARN_EMPTY_BODY = YES;
				CLANG_WARN_ENUM_CONVERSION = YES;
				CLANG_WARN_INFINITE_RECURSION = YES;
				CLANG_WARN_INT_CONVERSION = YES;
				CLANG_WARN_OBJC_ROOT_CLASS = YES_ERROR;
				CLANG_WARN_SUSPICIOUS_MOVE = YES;
				CLANG_WARN_UNREACHABLE_CODE = YES;
				CLANG_WARN__DUPLICATE_METHOD_MATCH = YES;
				"CODE_SIGN_IDENTITY[sdk=iphoneos*]" = "iPhone Developer";
				COPY_PHASE_STRIP = NO;
				DEBUG_INFORMATION_FORMAT = "dwarf-with-dsym";
				ENABLE_NS_ASSERTIONS = NO;
				ENABLE_STRICT_OBJC_MSGSEND = YES;
				GCC_C_LANGUAGE_STANDARD = gnu99;
				GCC_NO_COMMON_BLOCKS = YES;
				GCC_WARN_64_TO_32_BIT_CONVERSION = YES;
				GCC_WARN_ABOUT_RETURN_TYPE = YES_ERROR;
				GCC_WARN_UNDECLARED_SELECTOR = YES;
				GCC_WARN_UNINITIALIZED_AUTOS = YES_AGGRESSIVE;
				GCC_WARN_UNUSED_FUNCTION = YES;
				GCC_WARN_UNUSED_VARIABLE = YES;
				IPHONEOS_DEPLOYMENT_TARGET = 10.3;
				MTL_ENABLE_DEBUG_INFO = NO;
				SDKROOT = iphoneos;
				TARGETED_DEVICE_FAMILY = "1,2";
				VALIDATE_PRODUCT = YES;
			};
			name = Release;
		};
		1B1D1A741EC3094100C8898D /* Debug */ = {
			isa = XCBuildConfiguration;
			buildSettings = {
				ASSETCATALOG_COMPILER_APPICON_NAME = AppIcon;
				DEVELOPMENT_TEAM = YPU2H7D8DN;
				INFOPLIST_FILE = ControlInterceptor/Info.plist;
				LD_RUNPATH_SEARCH_PATHS = "$(inherited) @executable_path/Frameworks";
				PRODUCT_BUNDLE_IDENTIFIER = com.zhenai.www.ControlInterceptor;
				PRODUCT_NAME = "$(TARGET_NAME)";
			};
			name = Debug;
		};
		1B1D1A751EC3094100C8898D /* Release */ = {
			isa = XCBuildConfiguration;
			buildSettings = {
				ASSETCATALOG_COMPILER_APPICON_NAME = AppIcon;
				DEVELOPMENT_TEAM = YPU2H7D8DN;
				INFOPLIST_FILE = ControlInterceptor/Info.plist;
				LD_RUNPATH_SEARCH_PATHS = "$(inherited) @executable_path/Frameworks";
				PRODUCT_BUNDLE_IDENTIFIER = com.zhenai.www.ControlInterceptor;
				PRODUCT_NAME = "$(TARGET_NAME)";
			};
			name = Release;
		};
/* End XCBuildConfiguration section */

/* Begin XCConfigurationList section */
		1B1D1A571EC3094100C8898D /* Build configuration list for PBXProject "ControlInterceptor" */ = {
			isa = XCConfigurationList;
			buildConfigurations = (
				1B1D1A711EC3094100C8898D /* Debug */,
				1B1D1A721EC3094100C8898D /* Release */,
			);
			defaultConfigurationIsVisible = 0;
			defaultConfigurationName = Release;
		};
		1B1D1A731EC3094100C8898D /* Build configuration list for PBXNativeTarget "ControlInterceptor" */ = {
			isa = XCConfigurationList;
			buildConfigurations = (
				1B1D1A741EC3094100C8898D /* Debug */,
				1B1D1A751EC3094100C8898D /* Release */,
			);
			defaultConfigurationIsVisible = 0;
		};
/* End XCConfigurationList section */
	};
	rootObject = 1B1D1A541EC3094100C8898D /* Project object */;
}
